
Microsoft Visual Studio Solution File, Format Version 12.00
# Visual Studio Version 16
VisualStudioVersion = 16.0.30804.86
MinimumVisualStudioVersion = 10.0.40219.1
Project("{2150E333-8FDC-42A3-9474-1A3956D46DE8}") = "Task1", "Task1", "{33261226-E876-4240-BEAC-B6C03C50E3FD}"
EndProject
Project("{2150E333-8FDC-42A3-9474-1A3956D46DE8}") = "MainForm", "MainForm", "{C84B04E8-2A83-42F2-9E88-450E7B99A2E1}"
EndProject
Project("{2150E333-8FDC-42A3-9474-1A3956D46DE8}") = "Task2", "Task2", "{9058F095-0044-4D9E-9DCC-ECFEBCC7F977}"
EndProject
Project("{2150E333-8FDC-42A3-9474-1A3956D46DE8}") = "Task4", "Task4", "{C670B510-6DBF-4D03-ABCC-A1C446838276}"
EndProject
Project("{2150E333-8FDC-42A3-9474-1A3956D46DE8}") = "Task6", "Task6", "{A004398A-C5F6-4270-ABA9-AA56F89692E2}"
EndProject
Project("{2150E333-8FDC-42A3-9474-1A3956D46DE8}") = "Task7", "Task7", "{71925A36-CB1C-4C0B-8204-C628DAE02D32}"
EndProject
Project("{2150E333-8FDC-42A3-9474-1A3956D46DE8}") = "Task8", "Task8", "{8352D403-989F-4D94-B541-F98E07F8D3D1}"
EndProject
Project("{2150E333-8FDC-42A3-9474-1A3956D46DE8}") = "Task9", "Task9", "{FAE51278-4B04-45BE-AB3D-4DF5BC9BF9CB}"
EndProject
Project("{FAE04EC0-301F-11D3-BF4B-00C04F79EFBC}") = "MainForm", "MainForm\MainForm\MainForm.csproj", "{CB6C060D-5B23-4052-B14B-5D3E114715E1}"
	ProjectSection(ProjectDependencies) = postProject
		{15C58D13-8EA6-4991-82EC-14664D9C1D0B} = {15C58D13-8EA6-4991-82EC-14664D9C1D0B}
	EndProjectSection
EndProject
Project("{FAE04EC0-301F-11D3-BF4B-00C04F79EFBC}") = "Implementation1", "Task1\Implementation1\Implementation1.csproj", "{C3C79EF0-791D-468C-A8EB-B071B48DF6E0}"
EndProject
Project("{FAE04EC0-301F-11D3-BF4B-00C04F79EFBC}") = "GUI1", "Task1\GUI1\GUI1.csproj", "{AC796FDE-DAB5-4F12-BA6B-0A07E4B6B986}"
EndProject
Project("{FAE04EC0-301F-11D3-BF4B-00C04F79EFBC}") = "GUI2", "Task2\GUI2\GUI2.csproj", "{C8966597-4884-4510-99F4-E68E53A3B380}"
EndProject
Project("{FAE04EC0-301F-11D3-BF4B-00C04F79EFBC}") = "Implementation2", "Task2\Implementation2\Implementation2.csproj", "{7723485A-0FAB-40F4-934A-94AA3F2A87BE}"
EndProject
Project("{FAE04EC0-301F-11D3-BF4B-00C04F79EFBC}") = "Implementation6", "Task6\Implementation6\Implementation6.csproj", "{BA7EF7E9-D1AA-41DF-AF81-F9C1F53FF53D}"
EndProject
Project("{FAE04EC0-301F-11D3-BF4B-00C04F79EFBC}") = "GUI6", "Task6\GUI6\GUI6.csproj", "{15C58D13-8EA6-4991-82EC-14664D9C1D0B}"
EndProject
Global
	GlobalSection(SolutionConfigurationPlatforms) = preSolution
		Debug|Any CPU = Debug|Any CPU
		Release|Any CPU = Release|Any CPU
	EndGlobalSection
	GlobalSection(ProjectConfigurationPlatforms) = postSolution
		{CB6C060D-5B23-4052-B14B-5D3E114715E1}.Debug|Any CPU.ActiveCfg = Debug|Any CPU
		{CB6C060D-5B23-4052-B14B-5D3E114715E1}.Debug|Any CPU.Build.0 = Debug|Any CPU
		{CB6C060D-5B23-4052-B14B-5D3E114715E1}.Release|Any CPU.ActiveCfg = Release|Any CPU
		{CB6C060D-5B23-4052-B14B-5D3E114715E1}.Release|Any CPU.Build.0 = Release|Any CPU
		{C3C79EF0-791D-468C-A8EB-B071B48DF6E0}.Debug|Any CPU.ActiveCfg = Debug|Any CPU
		{C3C79EF0-791D-468C-A8EB-B071B48DF6E0}.Debug|Any CPU.Build.0 = Debug|Any CPU
		{C3C79EF0-791D-468C-A8EB-B071B48DF6E0}.Release|Any CPU.ActiveCfg = Release|Any CPU
		{C3C79EF0-791D-468C-A8EB-B071B48DF6E0}.Release|Any CPU.Build.0 = Release|Any CPU
		{AC796FDE-DAB5-4F12-BA6B-0A07E4B6B986}.Debug|Any CPU.ActiveCfg = Debug|Any CPU
		{AC796FDE-DAB5-4F12-BA6B-0A07E4B6B986}.Debug|Any CPU.Build.0 = Debug|Any CPU
		{AC796FDE-DAB5-4F12-BA6B-0A07E4B6B986}.Release|Any CPU.ActiveCfg = Release|Any CPU
		{AC796FDE-DAB5-4F12-BA6B-0A07E4B6B986}.Release|Any CPU.Build.0 = Release|Any CPU
		{C8966597-4884-4510-99F4-E68E53A3B380}.Debug|Any CPU.ActiveCfg = Debug|Any CPU
		{C8966597-4884-4510-99F4-E68E53A3B380}.Debug|Any CPU.Build.0 = Debug|Any CPU
		{C8966597-4884-4510-99F4-E68E53A3B380}.Release|Any CPU.ActiveCfg = Release|Any CPU
		{C8966597-4884-4510-99F4-E68E53A3B380}.Release|Any CPU.Build.0 = Release|Any CPU
		{7723485A-0FAB-40F4-934A-94AA3F2A87BE}.Debug|Any CPU.ActiveCfg = Debug|Any CPU
		{7723485A-0FAB-40F4-934A-94AA3F2A87BE}.Debug|Any CPU.Build.0 = Debug|Any CPU
		{7723485A-0FAB-40F4-934A-94AA3F2A87BE}.Release|Any CPU.ActiveCfg = Release|Any CPU
		{7723485A-0FAB-40F4-934A-94AA3F2A87BE}.Release|Any CPU.Build.0 = Release|Any CPU
		{BA7EF7E9-D1AA-41DF-AF81-F9C1F53FF53D}.Debug|Any CPU.ActiveCfg = Debug|Any CPU
		{BA7EF7E9-D1AA-41DF-AF81-F9C1F53FF53D}.Debug|Any CPU.Build.0 = Debug|Any CPU
		{BA7EF7E9-D1AA-41DF-AF81-F9C1F53FF53D}.Release|Any CPU.ActiveCfg = Release|Any CPU
		{BA7EF7E9-D1AA-41DF-AF81-F9C1F53FF53D}.Release|Any CPU.Build.0 = Release|Any CPU
		{15C58D13-8EA6-4991-82EC-14664D9C1D0B}.Debug|Any CPU.ActiveCfg = Debug|Any CPU
		{15C58D13-8EA6-4991-82EC-14664D9C1D0B}.Debug|Any CPU.Build.0 = Debug|Any CPU
		{15C58D13-8EA6-4991-82EC-14664D9C1D0B}.Release|Any CPU.ActiveCfg = Release|Any CPU
		{15C58D13-8EA6-4991-82EC-14664D9C1D0B}.Release|Any CPU.Build.0 = Release|Any CPU
	EndGlobalSection
	GlobalSection(SolutionProperties) = preSolution
		HideSolutionNode = FALSE
	EndGlobalSection
	GlobalSection(NestedProjects) = preSolution
		{CB6C060D-5B23-4052-B14B-5D3E114715E1} = {C84B04E8-2A83-42F2-9E88-450E7B99A2E1}
		{C3C79EF0-791D-468C-A8EB-B071B48DF6E0} = {33261226-E876-4240-BEAC-B6C03C50E3FD}
		{AC796FDE-DAB5-4F12-BA6B-0A07E4B6B986} = {33261226-E876-4240-BEAC-B6C03C50E3FD}
		{C8966597-4884-4510-99F4-E68E53A3B380} = {9058F095-0044-4D9E-9DCC-ECFEBCC7F977}
		{7723485A-0FAB-40F4-934A-94AA3F2A87BE} = {9058F095-0044-4D9E-9DCC-ECFEBCC7F977}
		{BA7EF7E9-D1AA-41DF-AF81-F9C1F53FF53D} = {A004398A-C5F6-4270-ABA9-AA56F89692E2}
		{15C58D13-8EA6-4991-82EC-14664D9C1D0B} = {A004398A-C5F6-4270-ABA9-AA56F89692E2}
	EndGlobalSection
	GlobalSection(ExtensibilityGlobals) = postSolution
		SolutionGuid = {C97A47D3-01B9-4682-ABB7-6B29FAB60B30}
	EndGlobalSection
EndGlobal
